
Microsoft Visual Studio Solution File, Format Version 12.00
# Visual Studio Version 17
VisualStudioVersion = 17.11.35303.130
MinimumVisualStudioVersion = 10.0.40219.1
Project("{9A19103F-16F7-4668-BE54-9A1E7A4F7556}") = "Regies.API", "Regies.API\Regies.API.csproj", "{7FD35720-4C5B-468D-A1F8-68DCD808A932}"
EndProject
Project("{2150E333-8FDC-42A3-9474-1A3956D46DE8}") = "Éléments de solution", "Éléments de solution", "{3AA114BE-1DF2-4E3B-A0C5-29FEC24EF929}"
	ProjectSection(SolutionItems) = preProject
		.gitignore = .gitignore
	EndProjectSection
EndProject
Project("{FAE04EC0-301F-11D3-BF4B-00C04F79EFBC}") = "Regies.Application", "Application\Regies.Application.csproj", "{516BB76D-64A9-42E8-A0FA-1475CFE499A2}"
EndProject
Project("{FAE04EC0-301F-11D3-BF4B-00C04F79EFBC}") = "Regies.Domain", "Domain\Regies.Domain.csproj", "{7F0654D3-78E6-49A5-B393-EAFCE9F4B471}"
EndProject
Project("{FAE04EC0-301F-11D3-BF4B-00C04F79EFBC}") = "Regies.Infrastructure", "Infrastructure\Regies.Infrastructure.csproj", "{42445EF2-E524-42CA-B7AB-60062F106279}"
EndProject
Global
	GlobalSection(SolutionConfigurationPlatforms) = preSolution
		Debug|Any CPU = Debug|Any CPU
		Release|Any CPU = Release|Any CPU
	EndGlobalSection
	GlobalSection(ProjectConfigurationPlatforms) = postSolution
		{7FD35720-4C5B-468D-A1F8-68DCD808A932}.Debug|Any CPU.ActiveCfg = Debug|Any CPU
		{7FD35720-4C5B-468D-A1F8-68DCD808A932}.Debug|Any CPU.Build.0 = Debug|Any CPU
		{7FD35720-4C5B-468D-A1F8-68DCD808A932}.Release|Any CPU.ActiveCfg = Release|Any CPU
		{7FD35720-4C5B-468D-A1F8-68DCD808A932}.Release|Any CPU.Build.0 = Release|Any CPU
		{516BB76D-64A9-42E8-A0FA-1475CFE499A2}.Debug|Any CPU.ActiveCfg = Debug|Any CPU
		{516BB76D-64A9-42E8-A0FA-1475CFE499A2}.Debug|Any CPU.Build.0 = Debug|Any CPU
		{516BB76D-64A9-42E8-A0FA-1475CFE499A2}.Release|Any CPU.ActiveCfg = Release|Any CPU
		{516BB76D-64A9-42E8-A0FA-1475CFE499A2}.Release|Any CPU.Build.0 = Release|Any CPU
		{7F0654D3-78E6-49A5-B393-EAFCE9F4B471}.Debug|Any CPU.ActiveCfg = Debug|Any CPU
		{7F0654D3-78E6-49A5-B393-EAFCE9F4B471}.Debug|Any CPU.Build.0 = Debug|Any CPU
		{7F0654D3-78E6-49A5-B393-EAFCE9F4B471}.Release|Any CPU.ActiveCfg = Release|Any CPU
		{7F0654D3-78E6-49A5-B393-EAFCE9F4B471}.Release|Any CPU.Build.0 = Release|Any CPU
		{42445EF2-E524-42CA-B7AB-60062F106279}.Debug|Any CPU.ActiveCfg = Debug|Any CPU
		{42445EF2-E524-42CA-B7AB-60062F106279}.Debug|Any CPU.Build.0 = Debug|Any CPU
		{42445EF2-E524-42CA-B7AB-60062F106279}.Release|Any CPU.ActiveCfg = Release|Any CPU
		{42445EF2-E524-42CA-B7AB-60062F106279}.Release|Any CPU.Build.0 = Release|Any CPU
	EndGlobalSection
	GlobalSection(SolutionProperties) = preSolution
		HideSolutionNode = FALSE
	EndGlobalSection
	GlobalSection(ExtensibilityGlobals) = postSolution
		SolutionGuid = {E563D7A5-9231-4526-ACF4-A1BEF1FF69EF}
	EndGlobalSection
EndGlobal
